[root]
name = "ts480-bin"
version = "0.1.0"
dependencies = [
 "ts480 0.1.0 (git+https://github.com/sector-f/ts480-rs.git)",
]

[[package]]
name = "ascii"
version = "0.8.4"
source = "registry+https://github.com/rust-lang/crates.io-index"

[[package]]
name = "ioctl-rs"
version = "0.1.5"
source = "registry+https://github.com/rust-lang/crates.io-index"
dependencies = [
 "libc 0.2.24 (registry+https://github.com/rust-lang/crates.io-index)",
]

[[package]]
name = "libc"
version = "0.2.24"
source = "registry+https://github.com/rust-lang/crates.io-index"

[[package]]
name = "serial"
version = "0.3.4"
source = "registry+https://github.com/rust-lang/crates.io-index"
dependencies = [
 "ioctl-rs 0.1.5 (registry+https://github.com/rust-lang/crates.io-index)",
 "libc 0.2.24 (registry+https://github.com/rust-lang/crates.io-index)",
 "termios 0.2.2 (registry+https://github.com/rust-lang/crates.io-index)",
]

[[package]]
name = "termios"
version = "0.2.2"
source = "registry+https://github.com/rust-lang/crates.io-index"
dependencies = [
 "libc 0.2.24 (registry+https://github.com/rust-lang/crates.io-index)",
]

[[package]]
name = "ts480"
version = "0.1.0"
source = "git+https://github.com/sector-f/ts480-rs.git#4c869ed9f533f3eeef6c50a6b800d438aed2c276"
dependencies = [
 "ascii 0.8.4 (registry+https://github.com/rust-lang/crates.io-index)",
 "serial 0.3.4 (registry+https://github.com/rust-lang/crates.io-index)",
]

[metadata]
"checksum ascii 0.8.4 (registry+https://github.com/rust-lang/crates.io-index)" = "4fda371ec4b2c808a2ced31bfd7f1eb216a89d4aebdacf8787494756d4eaa6e5"
"checksum ioctl-rs 0.1.5 (registry+https://github.com/rust-lang/crates.io-index)" = "c733bd6be680c4365bfeb89ac48d4c39ee2c47d933da3601689131471aaf3267"
"checksum libc 0.2.24 (registry+https://github.com/rust-lang/crates.io-index)" = "38f5c2b18a287cf78b4097db62e20f43cace381dc76ae5c0a3073067f78b7ddc"
"checksum serial 0.3.4 (registry+https://github.com/rust-lang/crates.io-index)" = "cb5e265c52312c3e72a08afb6ac62ba3b9d1778c2193f57d74e307334689c7c8"
"checksum termios 0.2.2 (registry+https://github.com/rust-lang/crates.io-index)" = "d5d9cf598a6d7ce700a4e6a9199da127e6819a61e64b68609683cc9a01b5683a"
"checksum ts480 0.1.0 (git+https://github.com/sector-f/ts480-rs.git)" = "<none>"
